
Microsoft Visual Studio Solution File, Format Version 12.00
# Visual Studio Version 17
VisualStudioVersion = 17.10.35013.160
MinimumVisualStudioVersion = 10.0.40219.1
Project("{9A19103F-16F7-4668-BE54-9A1E7A4F7556}") = "GPMS.Backend", "GPMS.Backend\GPMS.Backend.csproj", "{51E9E8E1-F872-440D-AA28-D04BB04B31A7}"
EndProject
Project("{9A19103F-16F7-4668-BE54-9A1E7A4F7556}") = "GPMS.Backend.Data", "GPMS.Backend.Data\GPMS.Backend.Data.csproj", "{66D5F74D-22C3-48FD-860A-BDB6C5E6E20A}"
EndProject
Project("{9A19103F-16F7-4668-BE54-9A1E7A4F7556}") = "GPMS.Backend.Services", "GPMS.Backend.Services\GPMS.Backend.Services.csproj", "{A570EEE6-2F6B-4AFF-888D-4EDDF82A11A1}"
EndProject
Global
	GlobalSection(SolutionConfigurationPlatforms) = preSolution
		Debug|Any CPU = Debug|Any CPU
		Release|Any CPU = Release|Any CPU
	EndGlobalSection
	GlobalSection(ProjectConfigurationPlatforms) = postSolution
		{51E9E8E1-F872-440D-AA28-D04BB04B31A7}.Debug|Any CPU.ActiveCfg = Debug|Any CPU
		{51E9E8E1-F872-440D-AA28-D04BB04B31A7}.Debug|Any CPU.Build.0 = Debug|Any CPU
		{51E9E8E1-F872-440D-AA28-D04BB04B31A7}.Release|Any CPU.ActiveCfg = Release|Any CPU
		{51E9E8E1-F872-440D-AA28-D04BB04B31A7}.Release|Any CPU.Build.0 = Release|Any CPU
		{66D5F74D-22C3-48FD-860A-BDB6C5E6E20A}.Debug|Any CPU.ActiveCfg = Debug|Any CPU
		{66D5F74D-22C3-48FD-860A-BDB6C5E6E20A}.Debug|Any CPU.Build.0 = Debug|Any CPU
		{66D5F74D-22C3-48FD-860A-BDB6C5E6E20A}.Release|Any CPU.ActiveCfg = Release|Any CPU
		{66D5F74D-22C3-48FD-860A-BDB6C5E6E20A}.Release|Any CPU.Build.0 = Release|Any CPU
		{A570EEE6-2F6B-4AFF-888D-4EDDF82A11A1}.Debug|Any CPU.ActiveCfg = Debug|Any CPU
		{A570EEE6-2F6B-4AFF-888D-4EDDF82A11A1}.Debug|Any CPU.Build.0 = Debug|Any CPU
		{A570EEE6-2F6B-4AFF-888D-4EDDF82A11A1}.Release|Any CPU.ActiveCfg = Release|Any CPU
		{A570EEE6-2F6B-4AFF-888D-4EDDF82A11A1}.Release|Any CPU.Build.0 = Release|Any CPU
	EndGlobalSection
	GlobalSection(SolutionProperties) = preSolution
		HideSolutionNode = FALSE
	EndGlobalSection
	GlobalSection(ExtensibilityGlobals) = postSolution
		SolutionGuid = {4495A1DF-4FAE-4336-810E-13AF7D2FA171}
	EndGlobalSection
EndGlobal
